// !$*UTF8*$!
{
	archiveVersion = 1;
	classes = {
	};
	objectVersion = 56;
	objects = {

/* Begin PBXBuildFile section */
		65AE14492C26D24D00EE6DFA /* FilmlerUygulamas_App.swift in Sources */ = {isa = PBXBuildFile; fileRef = 65AE14482C26D24D00EE6DFA /* FilmlerUygulamas_App.swift */; };
		65AE144B2C26D24D00EE6DFA /* FilmlerUygulaması.swift in Sources */ = {isa = PBXBuildFile; fileRef = 65AE144A2C26D24D00EE6DFA /* FilmlerUygulaması.swift */; };
		65AE144D2C26D24E00EE6DFA /* Assets.xcassets in Resources */ = {isa = PBXBuildFile; fileRef = 65AE144C2C26D24E00EE6DFA /* Assets.xcassets */; };
		65AE14502C26D24E00EE6DFA /* Preview Assets.xcassets in Resources */ = {isa = PBXBuildFile; fileRef = 65AE144F2C26D24E00EE6DFA /* Preview Assets.xcassets */; };
		65AE14592C26D4E100EE6DFA /* Kategoriler.swift in Sources */ = {isa = PBXBuildFile; fileRef = 65AE14582C26D4E100EE6DFA /* Kategoriler.swift */; };
		65AE145B2C26D5A100EE6DFA /* Yonetmenler.swift in Sources */ = {isa = PBXBuildFile; fileRef = 65AE145A2C26D5A100EE6DFA /* Yonetmenler.swift */; };
		65AE145D2C26D5F300EE6DFA /* Filmler.swift in Sources */ = {isa = PBXBuildFile; fileRef = 65AE145C2C26D5F300EE6DFA /* Filmler.swift */; };
		65AE145F2C26E86E00EE6DFA /* FilmItem.swift in Sources */ = {isa = PBXBuildFile; fileRef = 65AE145E2C26E86E00EE6DFA /* FilmItem.swift */; };
		65AE14612C26EE4A00EE6DFA /* DetaySayfa.swift in Sources */ = {isa = PBXBuildFile; fileRef = 65AE14602C26EE4A00EE6DFA /* DetaySayfa.swift */; };
		65AE14632C2705D800EE6DFA /* KategoriItem.swift in Sources */ = {isa = PBXBuildFile; fileRef = 65AE14622C2705D800EE6DFA /* KategoriItem.swift */; };
		65AE14652C27061F00EE6DFA /* Anasayfa.swift in Sources */ = {isa = PBXBuildFile; fileRef = 65AE14642C27061F00EE6DFA /* Anasayfa.swift */; };
		65B3DDCC2C272DD200596764 /* AnasayfaViewModel.swift in Sources */ = {isa = PBXBuildFile; fileRef = 65B3DDCB2C272DD200596764 /* AnasayfaViewModel.swift */; };
		65B3DDCE2C272E2B00596764 /* FilmSayfaViewModel.swift in Sources */ = {isa = PBXBuildFile; fileRef = 65B3DDCD2C272E2B00596764 /* FilmSayfaViewModel.swift */; };
/* End PBXBuildFile section */

/* Begin PBXFileReference section */
		65AE14452C26D24D00EE6DFA /* FilmlerUygulaması.app */ = {isa = PBXFileReference; explicitFileType = wrapper.application; includeInIndex = 0; path = "FilmlerUygulaması.app"; sourceTree = BUILT_PRODUCTS_DIR; };
		65AE14482C26D24D00EE6DFA /* FilmlerUygulamas_App.swift */ = {isa = PBXFileReference; lastKnownFileType = sourcecode.swift; path = FilmlerUygulamas_App.swift; sourceTree = "<group>"; };
		65AE144A2C26D24D00EE6DFA /* FilmlerUygulaması.swift */ = {isa = PBXFileReference; lastKnownFileType = sourcecode.swift; path = "FilmlerUygulaması.swift"; sourceTree = "<group>"; };
		65AE144C2C26D24E00EE6DFA /* Assets.xcassets */ = {isa = PBXFileReference; lastKnownFileType = folder.assetcatalog; path = Assets.xcassets; sourceTree = "<group>"; };
		65AE144F2C26D24E00EE6DFA /* Preview Assets.xcassets */ = {isa = PBXFileReference; lastKnownFileType = folder.assetcatalog; path = "Preview Assets.xcassets"; sourceTree = "<group>"; };
		65AE14582C26D4E100EE6DFA /* Kategoriler.swift */ = {isa = PBXFileReference; lastKnownFileType = sourcecode.swift; path = Kategoriler.swift; sourceTree = "<group>"; };
		65AE145A2C26D5A100EE6DFA /* Yonetmenler.swift */ = {isa = PBXFileReference; lastKnownFileType = sourcecode.swift; path = Yonetmenler.swift; sourceTree = "<group>"; };
		65AE145C2C26D5F300EE6DFA /* Filmler.swift */ = {isa = PBXFileReference; lastKnownFileType = sourcecode.swift; path = Filmler.swift; sourceTree = "<group>"; };
		65AE145E2C26E86E00EE6DFA /* FilmItem.swift */ = {isa = PBXFileReference; lastKnownFileType = sourcecode.swift; path = FilmItem.swift; sourceTree = "<group>"; };
		65AE14602C26EE4A00EE6DFA /* DetaySayfa.swift */ = {isa = PBXFileReference; lastKnownFileType = sourcecode.swift; path = DetaySayfa.swift; sourceTree = "<group>"; };
		65AE14622C2705D800EE6DFA /* KategoriItem.swift */ = {isa = PBXFileReference; lastKnownFileType = sourcecode.swift; path = KategoriItem.swift; sourceTree = "<group>"; };
		65AE14642C27061F00EE6DFA /* Anasayfa.swift */ = {isa = PBXFileReference; lastKnownFileType = sourcecode.swift; path = Anasayfa.swift; sourceTree = "<group>"; };
		65B3DDCB2C272DD200596764 /* AnasayfaViewModel.swift */ = {isa = PBXFileReference; lastKnownFileType = sourcecode.swift; path = AnasayfaViewModel.swift; sourceTree = "<group>"; };
		65B3DDCD2C272E2B00596764 /* FilmSayfaViewModel.swift */ = {isa = PBXFileReference; lastKnownFileType = sourcecode.swift; path = FilmSayfaViewModel.swift; sourceTree = "<group>"; };
/* End PBXFileReference section */

/* Begin PBXFrameworksBuildPhase section */
		65AE14422C26D24D00EE6DFA /* Frameworks */ = {
			isa = PBXFrameworksBuildPhase;
			buildActionMask = 2147483647;
			files = (
			);
			runOnlyForDeploymentPostprocessing = 0;
		};
/* End PBXFrameworksBuildPhase section */

/* Begin PBXGroup section */
		65AE143C2C26D24D00EE6DFA = {
			isa = PBXGroup;
			children = (
				65AE14472C26D24D00EE6DFA /* FilmlerUygulaması */,
				65AE14462C26D24D00EE6DFA /* Products */,
			);
			sourceTree = "<group>";
		};
		65AE14462C26D24D00EE6DFA /* Products */ = {
			isa = PBXGroup;
			children = (
				65AE14452C26D24D00EE6DFA /* FilmlerUygulaması.app */,
			);
			name = Products;
			sourceTree = "<group>";
		};
		65AE14472C26D24D00EE6DFA /* FilmlerUygulaması */ = {
			isa = PBXGroup;
			children = (
				65AE14482C26D24D00EE6DFA /* FilmlerUygulamas_App.swift */,
				65B3DDC62C272D0400596764 /* ui */,
				65B3DDC52C272CF400596764 /* data */,
				65AE144C2C26D24E00EE6DFA /* Assets.xcassets */,
				65AE144E2C26D24E00EE6DFA /* Preview Content */,
			);
			path = "FilmlerUygulaması";
			sourceTree = "<group>";
		};
		65AE144E2C26D24E00EE6DFA /* Preview Content */ = {
			isa = PBXGroup;
			children = (
				65AE144F2C26D24E00EE6DFA /* Preview Assets.xcassets */,
			);
			path = "Preview Content";
			sourceTree = "<group>";
		};
		65B3DDC52C272CF400596764 /* data */ = {
			isa = PBXGroup;
			children = (
				65B3DDC72C272D2000596764 /* entity */,
			);
			path = data;
			sourceTree = "<group>";
		};
		65B3DDC62C272D0400596764 /* ui */ = {
			isa = PBXGroup;
			children = (
				65B3DDCA2C272DB100596764 /* viewmodel */,
				65B3DDC92C272D6600596764 /* view */,
				65B3DDC82C272D5F00596764 /* list */,
			);
			path = ui;
			sourceTree = "<group>";
		};
		65B3DDC72C272D2000596764 /* entity */ = {
			isa = PBXGroup;
			children = (
				65AE145A2C26D5A100EE6DFA /* Yonetmenler.swift */,
				65AE145C2C26D5F300EE6DFA /* Filmler.swift */,
				65AE14582C26D4E100EE6DFA /* Kategoriler.swift */,
			);
			path = entity;
			sourceTree = "<group>";
		};
		65B3DDC82C272D5F00596764 /* list */ = {
			isa = PBXGroup;
			children = (
				65AE145E2C26E86E00EE6DFA /* FilmItem.swift */,
				65AE14622C2705D800EE6DFA /* KategoriItem.swift */,
			);
			path = list;
			sourceTree = "<group>";
		};
		65B3DDC92C272D6600596764 /* view */ = {
			isa = PBXGroup;
			children = (
				65AE14642C27061F00EE6DFA /* Anasayfa.swift */,
				65AE14602C26EE4A00EE6DFA /* DetaySayfa.swift */,
				65AE144A2C26D24D00EE6DFA /* FilmlerUygulaması.swift */,
			);
			path = view;
			sourceTree = "<group>";
		};
		65B3DDCA2C272DB100596764 /* viewmodel */ = {
			isa = PBXGroup;
			children = (
				65B3DDCB2C272DD200596764 /* AnasayfaViewModel.swift */,
				65B3DDCD2C272E2B00596764 /* FilmSayfaViewModel.swift */,
			);
			path = viewmodel;
			sourceTree = "<group>";
		};
/* End PBXGroup section */

/* Begin PBXNativeTarget section */
		65AE14442C26D24D00EE6DFA /* FilmlerUygulaması */ = {
			isa = PBXNativeTarget;
			buildConfigurationList = 65AE14532C26D24E00EE6DFA /* Build configuration list for PBXNativeTarget "FilmlerUygulaması" */;
			buildPhases = (
				65AE14412C26D24D00EE6DFA /* Sources */,
				65AE14422C26D24D00EE6DFA /* Frameworks */,
				65AE14432C26D24D00EE6DFA /* Resources */,
			);
			buildRules = (
			);
			dependencies = (
			);
			name = "FilmlerUygulaması";
			productName = "FilmlerUygulaması";
			productReference = 65AE14452C26D24D00EE6DFA /* FilmlerUygulaması.app */;
			productType = "com.apple.product-type.application";
		};
/* End PBXNativeTarget section */

/* Begin PBXProject section */
		65AE143D2C26D24D00EE6DFA /* Project object */ = {
			isa = PBXProject;
			attributes = {
				BuildIndependentTargetsInParallel = 1;
				LastSwiftUpdateCheck = 1540;
				LastUpgradeCheck = 1540;
				TargetAttributes = {
					65AE14442C26D24D00EE6DFA = {
						CreatedOnToolsVersion = 15.4;
					};
				};
			};
			buildConfigurationList = 65AE14402C26D24D00EE6DFA /* Build configuration list for PBXProject "FilmlerUygulaması" */;
			compatibilityVersion = "Xcode 14.0";
			developmentRegion = en;
			hasScannedForEncodings = 0;
			knownRegions = (
				en,
				Base,
			);
			mainGroup = 65AE143C2C26D24D00EE6DFA;
			productRefGroup = 65AE14462C26D24D00EE6DFA /* Products */;
			projectDirPath = "";
			projectRoot = "";
			targets = (
				65AE14442C26D24D00EE6DFA /* FilmlerUygulaması */,
			);
		};
/* End PBXProject section */

/* Begin PBXResourcesBuildPhase section */
		65AE14432C26D24D00EE6DFA /* Resources */ = {
			isa = PBXResourcesBuildPhase;
			buildActionMask = 2147483647;
			files = (
				65AE14502C26D24E00EE6DFA /* Preview Assets.xcassets in Resources */,
				65AE144D2C26D24E00EE6DFA /* Assets.xcassets in Resources */,
			);
			runOnlyForDeploymentPostprocessing = 0;
		};
/* End PBXResourcesBuildPhase section */

/* Begin PBXSourcesBuildPhase section */
		65AE14412C26D24D00EE6DFA /* Sources */ = {
			isa = PBXSourcesBuildPhase;
			buildActionMask = 2147483647;
			files = (
				65AE14592C26D4E100EE6DFA /* Kategoriler.swift in Sources */,
				65AE144B2C26D24D00EE6DFA /* FilmlerUygulaması.swift in Sources */,
				65AE14632C2705D800EE6DFA /* KategoriItem.swift in Sources */,
				65B3DDCE2C272E2B00596764 /* FilmSayfaViewModel.swift in Sources */,
				65AE145F2C26E86E00EE6DFA /* FilmItem.swift in Sources */,
				65AE145B2C26D5A100EE6DFA /* Yonetmenler.swift in Sources */,
				65AE145D2C26D5F300EE6DFA /* Filmler.swift in Sources */,
				65B3DDCC2C272DD200596764 /* AnasayfaViewModel.swift in Sources */,
				65AE14612C26EE4A00EE6DFA /* DetaySayfa.swift in Sources */,
				65AE14652C27061F00EE6DFA /* Anasayfa.swift in Sources */,
				65AE14492C26D24D00EE6DFA /* FilmlerUygulamas_App.swift in Sources */,
			);
			runOnlyForDeploymentPostprocessing = 0;
		};
/* End PBXSourcesBuildPhase section */

/* Begin XCBuildConfiguration section */
		65AE14512C26D24E00EE6DFA /* Debug */ = {
			isa = XCBuildConfiguration;
			buildSettings = {
				ALWAYS_SEARCH_USER_PATHS = NO;
				ASSETCATALOG_COMPILER_GENERATE_SWIFT_ASSET_SYMBOL_EXTENSIONS = YES;
				CLANG_ANALYZER_NONNULL = YES;
				CLANG_ANALYZER_NUMBER_OBJECT_CONVERSION = YES_AGGRESSIVE;
				CLANG_CXX_LANGUAGE_STANDARD = "gnu++20";
				CLANG_ENABLE_MODULES = YES;
				CLANG_ENABLE_OBJC_ARC = YES;
				CLANG_ENABLE_OBJC_WEAK = YES;
				CLANG_WARN_BLOCK_CAPTURE_AUTORELEASING = YES;
				CLANG_WARN_BOOL_CONVERSION = YES;
				CLANG_WARN_COMMA = YES;
				CLANG_WARN_CONSTANT_CONVERSION = YES;
				CLANG_WARN_DEPRECATED_OBJC_IMPLEMENTATIONS = YES;
				CLANG_WARN_DIRECT_OBJC_ISA_USAGE = YES_ERROR;
				CLANG_WARN_DOCUMENTATION_COMMENTS = YES;
				CLANG_WARN_EMPTY_BODY = YES;
				CLANG_WARN_ENUM_CONVERSION = YES;
				CLANG_WARN_INFINITE_RECURSION = YES;
				CLANG_WARN_INT_CONVERSION = YES;
				CLANG_WARN_NON_LITERAL_NULL_CONVERSION = YES;
				CLANG_WARN_OBJC_IMPLICIT_RETAIN_SELF = YES;
				CLANG_WARN_OBJC_LITERAL_CONVERSION = YES;
				CLANG_WARN_OBJC_ROOT_CLASS = YES_ERROR;
				CLANG_WARN_QUOTED_INCLUDE_IN_FRAMEWORK_HEADER = YES;
				CLANG_WARN_RANGE_LOOP_ANALYSIS = YES;
				CLANG_WARN_STRICT_PROTOTYPES = YES;
				CLANG_WARN_SUSPICIOUS_MOVE = YES;
				CLANG_WARN_UNGUARDED_AVAILABILITY = YES_AGGRESSIVE;
				CLANG_WARN_UNREACHABLE_CODE = YES;
				CLANG_WARN__DUPLICATE_METHOD_MATCH = YES;
				COPY_PHASE_STRIP = NO;
				DEBUG_INFORMATION_FORMAT = dwarf;
				ENABLE_STRICT_OBJC_MSGSEND = YES;
				ENABLE_TESTABILITY = YES;
				ENABLE_USER_SCRIPT_SANDBOXING = YES;
				GCC_C_LANGUAGE_STANDARD = gnu17;
				GCC_DYNAMIC_NO_PIC = NO;
				GCC_NO_COMMON_BLOCKS = YES;
				GCC_OPTIMIZATION_LEVEL = 0;
				GCC_PREPROCESSOR_DEFINITIONS = (
					"DEBUG=1",
					"$(inherited)",
				);
				GCC_WARN_64_TO_32_BIT_CONVERSION = YES;
				GCC_WARN_ABOUT_RETURN_TYPE = YES_ERROR;
				GCC_WARN_UNDECLARED_SELECTOR = YES;
				GCC_WARN_UNINITIALIZED_AUTOS = YES_AGGRESSIVE;
				GCC_WARN_UNUSED_FUNCTION = YES;
				GCC_WARN_UNUSED_VARIABLE = YES;
				IPHONEOS_DEPLOYMENT_TARGET = 17.5;
				LOCALIZATION_PREFERS_STRING_CATALOGS = YES;
				MTL_ENABLE_DEBUG_INFO = INCLUDE_SOURCE;
				MTL_FAST_MATH = YES;
				ONLY_ACTIVE_ARCH = YES;
				SDKROOT = iphoneos;
				SWIFT_ACTIVE_COMPILATION_CONDITIONS = "DEBUG $(inherited)";
				SWIFT_OPTIMIZATION_LEVEL = "-Onone";
			};
			name = Debug;
		};
		65AE14522C26D24E00EE6DFA /* Release */ = {
			isa = XCBuildConfiguration;
			buildSettings = {
				ALWAYS_SEARCH_USER_PATHS = NO;
				ASSETCATALOG_COMPILER_GENERATE_SWIFT_ASSET_SYMBOL_EXTENSIONS = YES;
				CLANG_ANALYZER_NONNULL = YES;
				CLANG_ANALYZER_NUMBER_OBJECT_CONVERSION = YES_AGGRESSIVE;
				CLANG_CXX_LANGUAGE_STANDARD = "gnu++20";
				CLANG_ENABLE_MODULES = YES;
				CLANG_ENABLE_OBJC_ARC = YES;
				CLANG_ENABLE_OBJC_WEAK = YES;
				CLANG_WARN_BLOCK_CAPTURE_AUTORELEASING = YES;
				CLANG_WARN_BOOL_CONVERSION = YES;
				CLANG_WARN_COMMA = YES;
				CLANG_WARN_CONSTANT_CONVERSION = YES;
				CLANG_WARN_DEPRECATED_OBJC_IMPLEMENTATIONS = YES;
				CLANG_WARN_DIRECT_OBJC_ISA_USAGE = YES_ERROR;
				CLANG_WARN_DOCUMENTATION_COMMENTS = YES;
				CLANG_WARN_EMPTY_BODY = YES;
				CLANG_WARN_ENUM_CONVERSION = YES;
				CLANG_WARN_INFINITE_RECURSION = YES;
				CLANG_WARN_INT_CONVERSION = YES;
				CLANG_WARN_NON_LITERAL_NULL_CONVERSION = YES;
				CLANG_WARN_OBJC_IMPLICIT_RETAIN_SELF = YES;
				CLANG_WARN_OBJC_LITERAL_CONVERSION = YES;
				CLANG_WARN_OBJC_ROOT_CLASS = YES_ERROR;
				CLANG_WARN_QUOTED_INCLUDE_IN_FRAMEWORK_HEADER = YES;
				CLANG_WARN_RANGE_LOOP_ANALYSIS = YES;
				CLANG_WARN_STRICT_PROTOTYPES = YES;
				CLANG_WARN_SUSPICIOUS_MOVE = YES;
				CLANG_WARN_UNGUARDED_AVAILABILITY = YES_AGGRESSIVE;
				CLANG_WARN_UNREACHABLE_CODE = YES;
				CLANG_WARN__DUPLICATE_METHOD_MATCH = YES;
				COPY_PHASE_STRIP = NO;
				DEBUG_INFORMATION_FORMAT = "dwarf-with-dsym";
				ENABLE_NS_ASSERTIONS = NO;
				ENABLE_STRICT_OBJC_MSGSEND = YES;
				ENABLE_USER_SCRIPT_SANDBOXING = YES;
				GCC_C_LANGUAGE_STANDARD = gnu17;
				GCC_NO_COMMON_BLOCKS = YES;
				GCC_WARN_64_TO_32_BIT_CONVERSION = YES;
				GCC_WARN_ABOUT_RETURN_TYPE = YES_ERROR;
				GCC_WARN_UNDECLARED_SELECTOR = YES;
				GCC_WARN_UNINITIALIZED_AUTOS = YES_AGGRESSIVE;
				GCC_WARN_UNUSED_FUNCTION = YES;
				GCC_WARN_UNUSED_VARIABLE = YES;
				IPHONEOS_DEPLOYMENT_TARGET = 17.5;
				LOCALIZATION_PREFERS_STRING_CATALOGS = YES;
				MTL_ENABLE_DEBUG_INFO = NO;
				MTL_FAST_MATH = YES;
				SDKROOT = iphoneos;
				SWIFT_COMPILATION_MODE = wholemodule;
				VALIDATE_PRODUCT = YES;
			};
			name = Release;
		};
		65AE14542C26D24E00EE6DFA /* Debug */ = {
			isa = XCBuildConfiguration;
			buildSettings = {
				ASSETCATALOG_COMPILER_APPICON_NAME = AppIcon;
				ASSETCATALOG_COMPILER_GLOBAL_ACCENT_COLOR_NAME = AccentColor;
				CODE_SIGN_STYLE = Automatic;
				CURRENT_PROJECT_VERSION = 1;
				DEVELOPMENT_ASSET_PATHS = "\"FilmlerUygulaması/Preview Content\"";
				DEVELOPMENT_TEAM = 2BJUT72GH8;
				ENABLE_PREVIEWS = YES;
				GENERATE_INFOPLIST_FILE = YES;
				INFOPLIST_KEY_UIApplicationSceneManifest_Generation = YES;
				INFOPLIST_KEY_UIApplicationSupportsIndirectInputEvents = YES;
				INFOPLIST_KEY_UILaunchScreen_Generation = YES;
				INFOPLIST_KEY_UISupportedInterfaceOrientations_iPad = "UIInterfaceOrientationPortrait UIInterfaceOrientationPortraitUpsideDown UIInterfaceOrientationLandscapeLeft UIInterfaceOrientationLandscapeRight";
				INFOPLIST_KEY_UISupportedInterfaceOrientations_iPhone = "UIInterfaceOrientationPortrait UIInterfaceOrientationLandscapeLeft UIInterfaceOrientationLandscapeRight";
				LD_RUNPATH_SEARCH_PATHS = (
					"$(inherited)",
					"@executable_path/Frameworks",
				);
				MARKETING_VERSION = 1.0;
				PRODUCT_BUNDLE_IDENTIFIER = "feyzullahdurasi.FilmlerUygulamas-";
				PRODUCT_NAME = "$(TARGET_NAME)";
				SWIFT_EMIT_LOC_STRINGS = YES;
				SWIFT_VERSION = 5.0;
				TARGETED_DEVICE_FAMILY = "1,2";
			};
			name = Debug;
		};
		65AE14552C26D24E00EE6DFA /* Release */ = {
			isa = XCBuildConfiguration;
			buildSettings = {
				ASSETCATALOG_COMPILER_APPICON_NAME = AppIcon;
				ASSETCATALOG_COMPILER_GLOBAL_ACCENT_COLOR_NAME = AccentColor;
				CODE_SIGN_STYLE = Automatic;
				CURRENT_PROJECT_VERSION = 1;
				DEVELOPMENT_ASSET_PATHS = "\"FilmlerUygulaması/Preview Content\"";
				DEVELOPMENT_TEAM = 2BJUT72GH8;
				ENABLE_PREVIEWS = YES;
				GENERATE_INFOPLIST_FILE = YES;
				INFOPLIST_KEY_UIApplicationSceneManifest_Generation = YES;
				INFOPLIST_KEY_UIApplicationSupportsIndirectInputEvents = YES;
				INFOPLIST_KEY_UILaunchScreen_Generation = YES;
				INFOPLIST_KEY_UISupportedInterfaceOrientations_iPad = "UIInterfaceOrientationPortrait UIInterfaceOrientationPortraitUpsideDown UIInterfaceOrientationLandscapeLeft UIInterfaceOrientationLandscapeRight";
				INFOPLIST_KEY_UISupportedInterfaceOrientations_iPhone = "UIInterfaceOrientationPortrait UIInterfaceOrientationLandscapeLeft UIInterfaceOrientationLandscapeRight";
				LD_RUNPATH_SEARCH_PATHS = (
					"$(inherited)",
					"@executable_path/Frameworks",
				);
				MARKETING_VERSION = 1.0;
				PRODUCT_BUNDLE_IDENTIFIER = "feyzullahdurasi.FilmlerUygulamas-";
				PRODUCT_NAME = "$(TARGET_NAME)";
				SWIFT_EMIT_LOC_STRINGS = YES;
				SWIFT_VERSION = 5.0;
				TARGETED_DEVICE_FAMILY = "1,2";
			};
			name = Release;
		};
/* End XCBuildConfiguration section */

/* Begin XCConfigurationList section */
		65AE14402C26D24D00EE6DFA /* Build configuration list for PBXProject "FilmlerUygulaması" */ = {
			isa = XCConfigurationList;
			buildConfigurations = (
				65AE14512C26D24E00EE6DFA /* Debug */,
				65AE14522C26D24E00EE6DFA /* Release */,
			);
			defaultConfigurationIsVisible = 0;
			defaultConfigurationName = Release;
		};
		65AE14532C26D24E00EE6DFA /* Build configuration list for PBXNativeTarget "FilmlerUygulaması" */ = {
			isa = XCConfigurationList;
			buildConfigurations = (
				65AE14542C26D24E00EE6DFA /* Debug */,
				65AE14552C26D24E00EE6DFA /* Release */,
			);
			defaultConfigurationIsVisible = 0;
			defaultConfigurationName = Release;
		};
/* End XCConfigurationList section */
	};
	rootObject = 65AE143D2C26D24D00EE6DFA /* Project object */;
}
